// !$*UTF8*$!
{
	archiveVersion = 1;
	classes = {
	};
	objectVersion = 77;
	objects = {

/* Begin PBXBuildFile section */
		DC0042AE2CD8B526005D0336 /* Preview Assets.xcassets in Resources */ = {isa = PBXBuildFile; fileRef = DC0042A82CD8B526005D0336 /* Preview Assets.xcassets */; };
		DC0042AF2CD8B526005D0336 /* Assets.xcassets in Resources */ = {isa = PBXBuildFile; fileRef = DC0042AA2CD8B526005D0336 /* Assets.xcassets */; };
		DC0042B02CD8B526005D0336 /* ContentView.swift in Sources */ = {isa = PBXBuildFile; fileRef = DC0042AB2CD8B526005D0336 /* ContentView.swift */; };
		DC0042B12CD8B526005D0336 /* NinjaNightApp.swift in Sources */ = {isa = PBXBuildFile; fileRef = DC0042AC2CD8B526005D0336 /* NinjaNightApp.swift */; };
		DC0042B42CD8C01C005D0336 /* LoginView.swift in Sources */ = {isa = PBXBuildFile; fileRef = DC0042B32CD8C00C005D0336 /* LoginView.swift */; };
		DC1DD0652CDE57A700709199 /* RxCocoa in Frameworks */ = {isa = PBXBuildFile; productRef = DC1DD0642CDE57A700709199 /* RxCocoa */; };
		DC1DD0672CDE57A700709199 /* RxSwift in Frameworks */ = {isa = PBXBuildFile; productRef = DC1DD0662CDE57A700709199 /* RxSwift */; };
		DC1DD0692CDE57A700709199 /* Swinject in Frameworks */ = {isa = PBXBuildFile; productRef = DC1DD0682CDE57A700709199 /* Swinject */; };
		DC1DD06B2CDE57A700709199 /* SwinjectAutoregistration in Frameworks */ = {isa = PBXBuildFile; productRef = DC1DD06A2CDE57A700709199 /* SwinjectAutoregistration */; };
		DC1DD06D2CDE57A700709199 /* GoogleSignIn in Frameworks */ = {isa = PBXBuildFile; productRef = DC1DD06C2CDE57A700709199 /* GoogleSignIn */; };
		DC1DD06F2CDE57A700709199 /* FirebaseAuth in Frameworks */ = {isa = PBXBuildFile; productRef = DC1DD06E2CDE57A700709199 /* FirebaseAuth */; };
		DC1DD0712CDE57A700709199 /* FirebaseCore in Frameworks */ = {isa = PBXBuildFile; productRef = DC1DD0702CDE57A700709199 /* FirebaseCore */; };
		DC1DD0732CDE57A700709199 /* FirebaseFirestore in Frameworks */ = {isa = PBXBuildFile; productRef = DC1DD0722CDE57A700709199 /* FirebaseFirestore */; };
		DC1DD07B2CE21E0700709199 /* CreatedRoomView.swift in Sources */ = {isa = PBXBuildFile; fileRef = DC1DD07A2CE21DFC00709199 /* CreatedRoomView.swift */; };
		DC1DD07D2CE2233E00709199 /* CreatedRoom.swift in Sources */ = {isa = PBXBuildFile; fileRef = DC1DD07C2CE2233800709199 /* CreatedRoom.swift */; };
		DC1DD07F2CE226ED00709199 /* LimitSpacer.swift in Sources */ = {isa = PBXBuildFile; fileRef = DC1DD07E2CE226E600709199 /* LimitSpacer.swift */; };
		DC1DD08D2CE4B2BE00709199 /* RoomPrepareView.swift in Sources */ = {isa = PBXBuildFile; fileRef = DC1DD08C2CE4B2B100709199 /* RoomPrepareView.swift */; };
		DC1DD08F2CE5CA9300709199 /* RoomPrepare.swift in Sources */ = {isa = PBXBuildFile; fileRef = DC1DD08E2CE5CA9000709199 /* RoomPrepare.swift */; };
		DC1DD0CE2CE5D8F000709199 /* Room.swift in Sources */ = {isa = PBXBuildFile; fileRef = DC1DD0CD2CE5D8E800709199 /* Room.swift */; };
		DC1DD0D02CE5F63D00709199 /* Player.swift in Sources */ = {isa = PBXBuildFile; fileRef = DC1DD0CF2CE5F63700709199 /* Player.swift */; };
		DC3B876B2CE9FC6600C8B7F3 /* CodeAddingView.swift in Sources */ = {isa = PBXBuildFile; fileRef = DC3B876A2CE9FC6400C8B7F3 /* CodeAddingView.swift */; };
		DC3B876D2CE9FC9A00C8B7F3 /* CodeAdding.swift in Sources */ = {isa = PBXBuildFile; fileRef = DC3B876C2CE9FC9400C8B7F3 /* CodeAdding.swift */; };
		DC3B87AD2CEC696E00C8B7F3 /* RxSwiftExt in Frameworks */ = {isa = PBXBuildFile; productRef = DC3B87AC2CEC696E00C8B7F3 /* RxSwiftExt */; };
		DC3B87AF2CEC699B00C8B7F3 /* LoadingTracker.swift in Sources */ = {isa = PBXBuildFile; fileRef = DC3B87AE2CEC699200C8B7F3 /* LoadingTracker.swift */; };
		DC3B87B22CEC74D900C8B7F3 /* LoadingService.swift in Sources */ = {isa = PBXBuildFile; fileRef = DC3B87B12CEC74C500C8B7F3 /* LoadingService.swift */; };
		DC3B87B52CEDCA1400C8B7F3 /* Single+Extension.swift in Sources */ = {isa = PBXBuildFile; fileRef = DC3B87B42CEDCA0700C8B7F3 /* Single+Extension.swift */; };
		DC5409042CF084A8004C53DC /* FirestoreAdapter.swift in Sources */ = {isa = PBXBuildFile; fileRef = DC5409032CF0849C004C53DC /* FirestoreAdapter.swift */; };
		DC5409062CF08582004C53DC /* CreateRoomService.swift in Sources */ = {isa = PBXBuildFile; fileRef = DC5409052CF08576004C53DC /* CreateRoomService.swift */; };
		DC5409142CF0BEE3004C53DC /* CodeAddingService.swift in Sources */ = {isa = PBXBuildFile; fileRef = DC5409132CF0BED3004C53DC /* CodeAddingService.swift */; };
		DC5409162CF0C406004C53DC /* FirebaseAuthAdapter.swift in Sources */ = {isa = PBXBuildFile; fileRef = DC5409152CF0C3F1004C53DC /* FirebaseAuthAdapter.swift */; };
		DC5409182CF0D022004C53DC /* RoomPrepareService.swift in Sources */ = {isa = PBXBuildFile; fileRef = DC5409172CF0D006004C53DC /* RoomPrepareService.swift */; };
		DC5409342CF1DB15004C53DC /* ComposeObservableObject.swift in Sources */ = {isa = PBXBuildFile; fileRef = DC5409332CF1DB13004C53DC /* ComposeObservableObject.swift */; };
		DC5409362CF334E7004C53DC /* HandleError.swift in Sources */ = {isa = PBXBuildFile; fileRef = DC5409352CF334DF004C53DC /* HandleError.swift */; };
		DC5409382CF5AF57004C53DC /* NavigationPathManager.swift in Sources */ = {isa = PBXBuildFile; fileRef = DC5409372CF5AF4A004C53DC /* NavigationPathManager.swift */; };
		DC54093B2CF6FA79004C53DC /* RoomListView.swift in Sources */ = {isa = PBXBuildFile; fileRef = DC54093A2CF6FA71004C53DC /* RoomListView.swift */; };
		DC54093D2CF6FD46004C53DC /* RoomList.swift in Sources */ = {isa = PBXBuildFile; fileRef = DC54093C2CF6FD41004C53DC /* RoomList.swift */; };
		DC54093F2CF6FE2D004C53DC /* RoomListService.swift in Sources */ = {isa = PBXBuildFile; fileRef = DC54093E2CF6FE26004C53DC /* RoomListService.swift */; };
		DCE5E6082CDA11D100BBB7B0 /* GoogleService-Info.plist in Resources */ = {isa = PBXBuildFile; fileRef = DCE5E6072CDA11D100BBB7B0 /* GoogleService-Info.plist */; };
		DCE5E6092CDA11D100BBB7B0 /* GoogleService-Info.plist in Resources */ = {isa = PBXBuildFile; fileRef = DCE5E6072CDA11D100BBB7B0 /* GoogleService-Info.plist */; };
		DCE5E60A2CDA11D100BBB7B0 /* GoogleService-Info.plist in Resources */ = {isa = PBXBuildFile; fileRef = DCE5E6072CDA11D100BBB7B0 /* GoogleService-Info.plist */; };
		DCE5E61F2CDA490600BBB7B0 /* Assembly.swift in Sources */ = {isa = PBXBuildFile; fileRef = DCE5E61E2CDA490000BBB7B0 /* Assembly.swift */; };
		DCE5E6212CDA495100BBB7B0 /* InjectWrapper.swift in Sources */ = {isa = PBXBuildFile; fileRef = DCE5E6202CDA494900BBB7B0 /* InjectWrapper.swift */; };
		DCE5E6232CDA49FC00BBB7B0 /* AppDelegate.swift in Sources */ = {isa = PBXBuildFile; fileRef = DCE5E6222CDA49EE00BBB7B0 /* AppDelegate.swift */; };
		DCE5E6282CDA4DD500BBB7B0 /* BaseView.swift in Sources */ = {isa = PBXBuildFile; fileRef = DCE5E6272CDA4DCC00BBB7B0 /* BaseView.swift */; };
		DCE5E62B2CDA52A000BBB7B0 /* FirebaseAuthService.swift in Sources */ = {isa = PBXBuildFile; fileRef = DCE5E62A2CDA528400BBB7B0 /* FirebaseAuthService.swift */; };
		DCE5E6302CDB5A4000BBB7B0 /* Login.swift in Sources */ = {isa = PBXBuildFile; fileRef = DCE5E62F2CDB5A3A00BBB7B0 /* Login.swift */; };
		DCE5E6322CDDECB200BBB7B0 /* DefaultRootViewControllerProvider.swift in Sources */ = {isa = PBXBuildFile; fileRef = DCE5E6312CDDEC9B00BBB7B0 /* DefaultRootViewControllerProvider.swift */; };
		DCE5E6342CDE00BD00BBB7B0 /* UserDefaultsService.swift in Sources */ = {isa = PBXBuildFile; fileRef = DCE5E6332CDE00BB00BBB7B0 /* UserDefaultsService.swift */; };
		DCE5E6372CDE020C00BBB7B0 /* LobbyView.swift in Sources */ = {isa = PBXBuildFile; fileRef = DCE5E6362CDE020700BBB7B0 /* LobbyView.swift */; };
		DCE5E6392CDE0BA700BBB7B0 /* LobbyViewModel.swift in Sources */ = {isa = PBXBuildFile; fileRef = DCE5E6382CDE0BA000BBB7B0 /* LobbyViewModel.swift */; };
/* End PBXBuildFile section */

/* Begin PBXContainerItemProxy section */
		DC00428C2CD8AC1F005D0336 /* PBXContainerItemProxy */ = {
			isa = PBXContainerItemProxy;
			containerPortal = DC0042732CD8AC1C005D0336 /* Project object */;
			proxyType = 1;
			remoteGlobalIDString = DC00427A2CD8AC1C005D0336;
			remoteInfo = NinjaNight;
		};
		DC0042962CD8AC1F005D0336 /* PBXContainerItemProxy */ = {
			isa = PBXContainerItemProxy;
			containerPortal = DC0042732CD8AC1C005D0336 /* Project object */;
			proxyType = 1;
			remoteGlobalIDString = DC00427A2CD8AC1C005D0336;
			remoteInfo = NinjaNight;
		};
/* End PBXContainerItemProxy section */

/* Begin PBXFileReference section */
		DC00427B2CD8AC1C005D0336 /* NinjaNight.app */ = {isa = PBXFileReference; explicitFileType = wrapper.application; includeInIndex = 0; path = NinjaNight.app; sourceTree = BUILT_PRODUCTS_DIR; };
		DC00428B2CD8AC1F005D0336 /* NinjaNightTests.xctest */ = {isa = PBXFileReference; explicitFileType = wrapper.cfbundle; includeInIndex = 0; path = NinjaNightTests.xctest; sourceTree = BUILT_PRODUCTS_DIR; };
		DC0042952CD8AC1F005D0336 /* NinjaNightUITests.xctest */ = {isa = PBXFileReference; explicitFileType = wrapper.cfbundle; includeInIndex = 0; path = NinjaNightUITests.xctest; sourceTree = BUILT_PRODUCTS_DIR; };
		DC0042A82CD8B526005D0336 /* Preview Assets.xcassets */ = {isa = PBXFileReference; lastKnownFileType = folder.assetcatalog; path = "Preview Assets.xcassets"; sourceTree = "<group>"; };
		DC0042AA2CD8B526005D0336 /* Assets.xcassets */ = {isa = PBXFileReference; lastKnownFileType = folder.assetcatalog; path = Assets.xcassets; sourceTree = "<group>"; };
		DC0042AB2CD8B526005D0336 /* ContentView.swift */ = {isa = PBXFileReference; lastKnownFileType = sourcecode.swift; path = ContentView.swift; sourceTree = "<group>"; };
		DC0042AC2CD8B526005D0336 /* NinjaNightApp.swift */ = {isa = PBXFileReference; lastKnownFileType = sourcecode.swift; path = NinjaNightApp.swift; sourceTree = "<group>"; };
		DC0042B32CD8C00C005D0336 /* LoginView.swift */ = {isa = PBXFileReference; lastKnownFileType = sourcecode.swift; path = LoginView.swift; sourceTree = "<group>"; };
		DC1DD07A2CE21DFC00709199 /* CreatedRoomView.swift */ = {isa = PBXFileReference; lastKnownFileType = sourcecode.swift; path = CreatedRoomView.swift; sourceTree = "<group>"; };
		DC1DD07C2CE2233800709199 /* CreatedRoom.swift */ = {isa = PBXFileReference; lastKnownFileType = sourcecode.swift; path = CreatedRoom.swift; sourceTree = "<group>"; };
		DC1DD07E2CE226E600709199 /* LimitSpacer.swift */ = {isa = PBXFileReference; lastKnownFileType = sourcecode.swift; path = LimitSpacer.swift; sourceTree = "<group>"; };
		DC1DD08C2CE4B2B100709199 /* RoomPrepareView.swift */ = {isa = PBXFileReference; lastKnownFileType = sourcecode.swift; path = RoomPrepareView.swift; sourceTree = "<group>"; };
		DC1DD08E2CE5CA9000709199 /* RoomPrepare.swift */ = {isa = PBXFileReference; lastKnownFileType = sourcecode.swift; path = RoomPrepare.swift; sourceTree = "<group>"; };
		DC1DD0CD2CE5D8E800709199 /* Room.swift */ = {isa = PBXFileReference; lastKnownFileType = sourcecode.swift; path = Room.swift; sourceTree = "<group>"; };
		DC1DD0CF2CE5F63700709199 /* Player.swift */ = {isa = PBXFileReference; lastKnownFileType = sourcecode.swift; path = Player.swift; sourceTree = "<group>"; };
		DC3B876A2CE9FC6400C8B7F3 /* CodeAddingView.swift */ = {isa = PBXFileReference; lastKnownFileType = sourcecode.swift; path = CodeAddingView.swift; sourceTree = "<group>"; };
		DC3B876C2CE9FC9400C8B7F3 /* CodeAdding.swift */ = {isa = PBXFileReference; lastKnownFileType = sourcecode.swift; path = CodeAdding.swift; sourceTree = "<group>"; };
		DC3B87AE2CEC699200C8B7F3 /* LoadingTracker.swift */ = {isa = PBXFileReference; lastKnownFileType = sourcecode.swift; path = LoadingTracker.swift; sourceTree = "<group>"; };
		DC3B87B12CEC74C500C8B7F3 /* LoadingService.swift */ = {isa = PBXFileReference; lastKnownFileType = sourcecode.swift; path = LoadingService.swift; sourceTree = "<group>"; };
		DC3B87B42CEDCA0700C8B7F3 /* Single+Extension.swift */ = {isa = PBXFileReference; lastKnownFileType = sourcecode.swift; path = "Single+Extension.swift"; sourceTree = "<group>"; };
		DC5409032CF0849C004C53DC /* FirestoreAdapter.swift */ = {isa = PBXFileReference; lastKnownFileType = sourcecode.swift; path = FirestoreAdapter.swift; sourceTree = "<group>"; };
		DC5409052CF08576004C53DC /* CreateRoomService.swift */ = {isa = PBXFileReference; lastKnownFileType = sourcecode.swift; path = CreateRoomService.swift; sourceTree = "<group>"; };
		DC5409132CF0BED3004C53DC /* CodeAddingService.swift */ = {isa = PBXFileReference; lastKnownFileType = sourcecode.swift; path = CodeAddingService.swift; sourceTree = "<group>"; };
		DC5409152CF0C3F1004C53DC /* FirebaseAuthAdapter.swift */ = {isa = PBXFileReference; lastKnownFileType = sourcecode.swift; path = FirebaseAuthAdapter.swift; sourceTree = "<group>"; };
		DC5409172CF0D006004C53DC /* RoomPrepareService.swift */ = {isa = PBXFileReference; lastKnownFileType = sourcecode.swift; path = RoomPrepareService.swift; sourceTree = "<group>"; };
		DC5409332CF1DB13004C53DC /* ComposeObservableObject.swift */ = {isa = PBXFileReference; lastKnownFileType = sourcecode.swift; path = ComposeObservableObject.swift; sourceTree = "<group>"; };
		DC5409352CF334DF004C53DC /* HandleError.swift */ = {isa = PBXFileReference; lastKnownFileType = sourcecode.swift; path = HandleError.swift; sourceTree = "<group>"; };
		DC5409372CF5AF4A004C53DC /* NavigationPathManager.swift */ = {isa = PBXFileReference; lastKnownFileType = sourcecode.swift; path = NavigationPathManager.swift; sourceTree = "<group>"; };
		DC54093A2CF6FA71004C53DC /* RoomListView.swift */ = {isa = PBXFileReference; lastKnownFileType = sourcecode.swift; path = RoomListView.swift; sourceTree = "<group>"; };
		DC54093C2CF6FD41004C53DC /* RoomList.swift */ = {isa = PBXFileReference; lastKnownFileType = sourcecode.swift; path = RoomList.swift; sourceTree = "<group>"; };
		DC54093E2CF6FE26004C53DC /* RoomListService.swift */ = {isa = PBXFileReference; lastKnownFileType = sourcecode.swift; path = RoomListService.swift; sourceTree = "<group>"; };
		DCE5E6072CDA11D100BBB7B0 /* GoogleService-Info.plist */ = {isa = PBXFileReference; lastKnownFileType = text.plist.xml; path = "GoogleService-Info.plist"; sourceTree = "<group>"; };
		DCE5E60F2CDA149E00BBB7B0 /* Info.plist */ = {isa = PBXFileReference; lastKnownFileType = text.plist.xml; path = Info.plist; sourceTree = "<group>"; };
		DCE5E61E2CDA490000BBB7B0 /* Assembly.swift */ = {isa = PBXFileReference; lastKnownFileType = sourcecode.swift; path = Assembly.swift; sourceTree = "<group>"; };
		DCE5E6202CDA494900BBB7B0 /* InjectWrapper.swift */ = {isa = PBXFileReference; lastKnownFileType = sourcecode.swift; path = InjectWrapper.swift; sourceTree = "<group>"; };
		DCE5E6222CDA49EE00BBB7B0 /* AppDelegate.swift */ = {isa = PBXFileReference; lastKnownFileType = sourcecode.swift; path = AppDelegate.swift; sourceTree = "<group>"; };
		DCE5E6272CDA4DCC00BBB7B0 /* BaseView.swift */ = {isa = PBXFileReference; lastKnownFileType = sourcecode.swift; path = BaseView.swift; sourceTree = "<group>"; };
		DCE5E62A2CDA528400BBB7B0 /* FirebaseAuthService.swift */ = {isa = PBXFileReference; lastKnownFileType = sourcecode.swift; path = FirebaseAuthService.swift; sourceTree = "<group>"; };
		DCE5E62F2CDB5A3A00BBB7B0 /* Login.swift */ = {isa = PBXFileReference; lastKnownFileType = sourcecode.swift; path = Login.swift; sourceTree = "<group>"; };
		DCE5E6312CDDEC9B00BBB7B0 /* DefaultRootViewControllerProvider.swift */ = {isa = PBXFileReference; lastKnownFileType = sourcecode.swift; path = DefaultRootViewControllerProvider.swift; sourceTree = "<group>"; };
		DCE5E6332CDE00BB00BBB7B0 /* UserDefaultsService.swift */ = {isa = PBXFileReference; lastKnownFileType = sourcecode.swift; path = UserDefaultsService.swift; sourceTree = "<group>"; };
		DCE5E6362CDE020700BBB7B0 /* LobbyView.swift */ = {isa = PBXFileReference; lastKnownFileType = sourcecode.swift; path = LobbyView.swift; sourceTree = "<group>"; };
		DCE5E6382CDE0BA000BBB7B0 /* LobbyViewModel.swift */ = {isa = PBXFileReference; lastKnownFileType = sourcecode.swift; path = LobbyViewModel.swift; sourceTree = "<group>"; };
/* End PBXFileReference section */

/* Begin PBXFileSystemSynchronizedRootGroup section */
		DC00428E2CD8AC1F005D0336 /* NinjaNightTests */ = {
			isa = PBXFileSystemSynchronizedRootGroup;
			path = NinjaNightTests;
			sourceTree = "<group>";
		};
		DC0042982CD8AC1F005D0336 /* NinjaNightUITests */ = {
			isa = PBXFileSystemSynchronizedRootGroup;
			path = NinjaNightUITests;
			sourceTree = "<group>";
		};
/* End PBXFileSystemSynchronizedRootGroup section */

/* Begin PBXFrameworksBuildPhase section */
		DC0042782CD8AC1C005D0336 /* Frameworks */ = {
			isa = PBXFrameworksBuildPhase;
			buildActionMask = 2147483647;
			files = (
				DC1DD06D2CDE57A700709199 /* GoogleSignIn in Frameworks */,
				DC1DD06F2CDE57A700709199 /* FirebaseAuth in Frameworks */,
				DC1DD0672CDE57A700709199 /* RxSwift in Frameworks */,
				DC3B87AD2CEC696E00C8B7F3 /* RxSwiftExt in Frameworks */,
				DC1DD0652CDE57A700709199 /* RxCocoa in Frameworks */,
				DC1DD0712CDE57A700709199 /* FirebaseCore in Frameworks */,
				DC1DD0732CDE57A700709199 /* FirebaseFirestore in Frameworks */,
				DC1DD0692CDE57A700709199 /* Swinject in Frameworks */,
				DC1DD06B2CDE57A700709199 /* SwinjectAutoregistration in Frameworks */,
			);
			runOnlyForDeploymentPostprocessing = 0;
		};
		DC0042882CD8AC1F005D0336 /* Frameworks */ = {
			isa = PBXFrameworksBuildPhase;
			buildActionMask = 2147483647;
			files = (
			);
			runOnlyForDeploymentPostprocessing = 0;
		};
		DC0042922CD8AC1F005D0336 /* Frameworks */ = {
			isa = PBXFrameworksBuildPhase;
			buildActionMask = 2147483647;
			files = (
			);
			runOnlyForDeploymentPostprocessing = 0;
		};
/* End PBXFrameworksBuildPhase section */

/* Begin PBXGroup section */
		DC0042722CD8AC1C005D0336 = {
			isa = PBXGroup;
			children = (
				DC0042AD2CD8B526005D0336 /* NinjaNight */,
				DC00428E2CD8AC1F005D0336 /* NinjaNightTests */,
				DC0042982CD8AC1F005D0336 /* NinjaNightUITests */,
				DC0042C02CD8C9BF005D0336 /* Frameworks */,
				DC00427C2CD8AC1C005D0336 /* Products */,
			);
			sourceTree = "<group>";
		};
		DC00427C2CD8AC1C005D0336 /* Products */ = {
			isa = PBXGroup;
			children = (
				DC00427B2CD8AC1C005D0336 /* NinjaNight.app */,
				DC00428B2CD8AC1F005D0336 /* NinjaNightTests.xctest */,
				DC0042952CD8AC1F005D0336 /* NinjaNightUITests.xctest */,
			);
			name = Products;
			sourceTree = "<group>";
		};
		DC0042A92CD8B526005D0336 /* Preview Content */ = {
			isa = PBXGroup;
			children = (
				DC0042A82CD8B526005D0336 /* Preview Assets.xcassets */,
			);
			path = "Preview Content";
			sourceTree = "<group>";
		};
		DC0042AD2CD8B526005D0336 /* NinjaNight */ = {
			isa = PBXGroup;
			children = (
				DC0042AA2CD8B526005D0336 /* Assets.xcassets */,
				DCE5E6072CDA11D100BBB7B0 /* GoogleService-Info.plist */,
				DCE5E60F2CDA149E00BBB7B0 /* Info.plist */,
				DC3B87B32CEDC9F900C8B7F3 /* Extension */,
				DCE5E6222CDA49EE00BBB7B0 /* AppDelegate.swift */,
				DC0042AC2CD8B526005D0336 /* NinjaNightApp.swift */,
				DC0042AB2CD8B526005D0336 /* ContentView.swift */,
				DC5409392CF5B2B1004C53DC /* Manager */,
				DCE5E61D2CDA48E800BBB7B0 /* Inject */,
				DC1DD0CC2CE5D84900709199 /* Models */,
				DC5409022CF0847E004C53DC /* Adapter */,
				DCE5E6102CDA3EB100BBB7B0 /* Service */,
				DCE5E6262CDA4DB200BBB7B0 /* Base */,
				DCE5E6352CDE01F700BBB7B0 /* Lobby */,
				DC0042B22CD8BE76005D0336 /* Landing */,
				DC0042A92CD8B526005D0336 /* Preview Content */,
			);
			path = NinjaNight;
			sourceTree = "<group>";
		};
		DC0042B22CD8BE76005D0336 /* Landing */ = {
			isa = PBXGroup;
			children = (
				DC0042B32CD8C00C005D0336 /* LoginView.swift */,
				DCE5E62F2CDB5A3A00BBB7B0 /* Login.swift */,
			);
			path = Landing;
			sourceTree = "<group>";
		};
		DC0042C02CD8C9BF005D0336 /* Frameworks */ = {
			isa = PBXGroup;
			children = (
			);
			name = Frameworks;
			sourceTree = "<group>";
		};
		DC1DD0CC2CE5D84900709199 /* Models */ = {
			isa = PBXGroup;
			children = (
				DC1DD0CD2CE5D8E800709199 /* Room.swift */,
				DC1DD0CF2CE5F63700709199 /* Player.swift */,
			);
			path = Models;
			sourceTree = "<group>";
		};
		DC3B87B32CEDC9F900C8B7F3 /* Extension */ = {
			isa = PBXGroup;
			children = (
				DC3B87B42CEDCA0700C8B7F3 /* Single+Extension.swift */,
			);
			path = Extension;
			sourceTree = "<group>";
		};
		DC5409022CF0847E004C53DC /* Adapter */ = {
			isa = PBXGroup;
			children = (
				DC5409152CF0C3F1004C53DC /* FirebaseAuthAdapter.swift */,
				DC5409032CF0849C004C53DC /* FirestoreAdapter.swift */,
			);
			path = Adapter;
			sourceTree = "<group>";
		};
		DC5409392CF5B2B1004C53DC /* Manager */ = {
			isa = PBXGroup;
			children = (
				DC5409372CF5AF4A004C53DC /* NavigationPathManager.swift */,
			);
			path = Manager;
			sourceTree = "<group>";
		};
		DCE5E6102CDA3EB100BBB7B0 /* Service */ = {
			isa = PBXGroup;
			children = (
				DC5409052CF08576004C53DC /* CreateRoomService.swift */,
				DC5409132CF0BED3004C53DC /* CodeAddingService.swift */,
				DC5409172CF0D006004C53DC /* RoomPrepareService.swift */,
				DC54093E2CF6FE26004C53DC /* RoomListService.swift */,
				DCE5E6312CDDEC9B00BBB7B0 /* DefaultRootViewControllerProvider.swift */,
				DCE5E62A2CDA528400BBB7B0 /* FirebaseAuthService.swift */,
				DCE5E6332CDE00BB00BBB7B0 /* UserDefaultsService.swift */,
				DC3B87B12CEC74C500C8B7F3 /* LoadingService.swift */,
			);
			path = Service;
			sourceTree = "<group>";
		};
		DCE5E61D2CDA48E800BBB7B0 /* Inject */ = {
			isa = PBXGroup;
			children = (
				DCE5E6202CDA494900BBB7B0 /* InjectWrapper.swift */,
				DCE5E61E2CDA490000BBB7B0 /* Assembly.swift */,
			);
			path = Inject;
			sourceTree = "<group>";
		};
		DCE5E6262CDA4DB200BBB7B0 /* Base */ = {
			isa = PBXGroup;
			children = (
				DCE5E6272CDA4DCC00BBB7B0 /* BaseView.swift */,
				DC5409332CF1DB13004C53DC /* ComposeObservableObject.swift */,
				DC1DD07E2CE226E600709199 /* LimitSpacer.swift */,
				DC3B87AE2CEC699200C8B7F3 /* LoadingTracker.swift */,
				DC5409352CF334DF004C53DC /* HandleError.swift */,
			);
			path = Base;
			sourceTree = "<group>";
		};
		DCE5E6352CDE01F700BBB7B0 /* Lobby */ = {
			isa = PBXGroup;
			children = (
				DCE5E6362CDE020700BBB7B0 /* LobbyView.swift */,
				DCE5E6382CDE0BA000BBB7B0 /* LobbyViewModel.swift */,
				DC1DD07A2CE21DFC00709199 /* CreatedRoomView.swift */,
				DC1DD07C2CE2233800709199 /* CreatedRoom.swift */,
				DC3B876A2CE9FC6400C8B7F3 /* CodeAddingView.swift */,
				DC3B876C2CE9FC9400C8B7F3 /* CodeAdding.swift */,
				DC1DD08C2CE4B2B100709199 /* RoomPrepareView.swift */,
				DC1DD08E2CE5CA9000709199 /* RoomPrepare.swift */,
				DC54093A2CF6FA71004C53DC /* RoomListView.swift */,
				DC54093C2CF6FD41004C53DC /* RoomList.swift */,
			);
			path = Lobby;
			sourceTree = "<group>";
		};
/* End PBXGroup section */

/* Begin PBXNativeTarget section */
		DC00427A2CD8AC1C005D0336 /* NinjaNight */ = {
			isa = PBXNativeTarget;
			buildConfigurationList = DC00429F2CD8AC1F005D0336 /* Build configuration list for PBXNativeTarget "NinjaNight" */;
			buildPhases = (
				DC0042772CD8AC1C005D0336 /* Sources */,
				DC0042782CD8AC1C005D0336 /* Frameworks */,
				DC0042792CD8AC1C005D0336 /* Resources */,
			);
			buildRules = (
			);
			dependencies = (
			);
			name = NinjaNight;
			packageProductDependencies = (
				DC1DD0642CDE57A700709199 /* RxCocoa */,
				DC1DD0662CDE57A700709199 /* RxSwift */,
				DC1DD0682CDE57A700709199 /* Swinject */,
				DC1DD06A2CDE57A700709199 /* SwinjectAutoregistration */,
				DC1DD06C2CDE57A700709199 /* GoogleSignIn */,
				DC1DD06E2CDE57A700709199 /* FirebaseAuth */,
				DC1DD0702CDE57A700709199 /* FirebaseCore */,
				DC1DD0722CDE57A700709199 /* FirebaseFirestore */,
				DC3B87AC2CEC696E00C8B7F3 /* RxSwiftExt */,
			);
			productName = NinjaNight;
			productReference = DC00427B2CD8AC1C005D0336 /* NinjaNight.app */;
			productType = "com.apple.product-type.application";
		};
		DC00428A2CD8AC1F005D0336 /* NinjaNightTests */ = {
			isa = PBXNativeTarget;
			buildConfigurationList = DC0042A22CD8AC1F005D0336 /* Build configuration list for PBXNativeTarget "NinjaNightTests" */;
			buildPhases = (
				DC0042872CD8AC1F005D0336 /* Sources */,
				DC0042882CD8AC1F005D0336 /* Frameworks */,
				DC0042892CD8AC1F005D0336 /* Resources */,
			);
			buildRules = (
			);
			dependencies = (
				DC00428D2CD8AC1F005D0336 /* PBXTargetDependency */,
			);
			fileSystemSynchronizedGroups = (
				DC00428E2CD8AC1F005D0336 /* NinjaNightTests */,
			);
			name = NinjaNightTests;
			packageProductDependencies = (
			);
			productName = NinjaNightTests;
			productReference = DC00428B2CD8AC1F005D0336 /* NinjaNightTests.xctest */;
			productType = "com.apple.product-type.bundle.unit-test";
		};
		DC0042942CD8AC1F005D0336 /* NinjaNightUITests */ = {
			isa = PBXNativeTarget;
			buildConfigurationList = DC0042A52CD8AC1F005D0336 /* Build configuration list for PBXNativeTarget "NinjaNightUITests" */;
			buildPhases = (
				DC0042912CD8AC1F005D0336 /* Sources */,
				DC0042922CD8AC1F005D0336 /* Frameworks */,
				DC0042932CD8AC1F005D0336 /* Resources */,
			);
			buildRules = (
			);
			dependencies = (
				DC0042972CD8AC1F005D0336 /* PBXTargetDependency */,
			);
			fileSystemSynchronizedGroups = (
				DC0042982CD8AC1F005D0336 /* NinjaNightUITests */,
			);
			name = NinjaNightUITests;
			packageProductDependencies = (
			);
			productName = NinjaNightUITests;
			productReference = DC0042952CD8AC1F005D0336 /* NinjaNightUITests.xctest */;
			productType = "com.apple.product-type.bundle.ui-testing";
		};
/* End PBXNativeTarget section */

/* Begin PBXProject section */
		DC0042732CD8AC1C005D0336 /* Project object */ = {
			isa = PBXProject;
			attributes = {
				BuildIndependentTargetsInParallel = 1;
				LastSwiftUpdateCheck = 1610;
				LastUpgradeCheck = 1610;
				TargetAttributes = {
					DC00427A2CD8AC1C005D0336 = {
						CreatedOnToolsVersion = 16.1;
					};
					DC00428A2CD8AC1F005D0336 = {
						CreatedOnToolsVersion = 16.1;
						TestTargetID = DC00427A2CD8AC1C005D0336;
					};
					DC0042942CD8AC1F005D0336 = {
						CreatedOnToolsVersion = 16.1;
						TestTargetID = DC00427A2CD8AC1C005D0336;
					};
				};
			};
			buildConfigurationList = DC0042762CD8AC1C005D0336 /* Build configuration list for PBXProject "NinjaNight" */;
			developmentRegion = en;
			hasScannedForEncodings = 0;
			knownRegions = (
				en,
				Base,
			);
			mainGroup = DC0042722CD8AC1C005D0336;
			minimizedProjectReferenceProxies = 1;
			packageReferences = (
				DC1DD05F2CDE563E00709199 /* XCRemoteSwiftPackageReference "RxSwift" */,
				DC1DD0602CDE56D000709199 /* XCRemoteSwiftPackageReference "Swinject" */,
				DC1DD0612CDE56E000709199 /* XCRemoteSwiftPackageReference "SwinjectAutoregistration" */,
				DC1DD0622CDE570A00709199 /* XCRemoteSwiftPackageReference "GoogleSignIn-iOS" */,
				DC1DD0632CDE573A00709199 /* XCRemoteSwiftPackageReference "firebase-ios-sdk" */,
				DC3B87AB2CEC694F00C8B7F3 /* XCRemoteSwiftPackageReference "RxSwiftExt" */,
			);
			preferredProjectObjectVersion = 77;
			productRefGroup = DC00427C2CD8AC1C005D0336 /* Products */;
			projectDirPath = "";
			projectRoot = "";
			targets = (
				DC00427A2CD8AC1C005D0336 /* NinjaNight */,
				DC00428A2CD8AC1F005D0336 /* NinjaNightTests */,
				DC0042942CD8AC1F005D0336 /* NinjaNightUITests */,
			);
		};
/* End PBXProject section */

/* Begin PBXResourcesBuildPhase section */
		DC0042792CD8AC1C005D0336 /* Resources */ = {
			isa = PBXResourcesBuildPhase;
			buildActionMask = 2147483647;
			files = (
				DC0042AE2CD8B526005D0336 /* Preview Assets.xcassets in Resources */,
				DC0042AF2CD8B526005D0336 /* Assets.xcassets in Resources */,
				DCE5E60A2CDA11D100BBB7B0 /* GoogleService-Info.plist in Resources */,
			);
			runOnlyForDeploymentPostprocessing = 0;
		};
		DC0042892CD8AC1F005D0336 /* Resources */ = {
			isa = PBXResourcesBuildPhase;
			buildActionMask = 2147483647;
			files = (
				DCE5E6092CDA11D100BBB7B0 /* GoogleService-Info.plist in Resources */,
			);
			runOnlyForDeploymentPostprocessing = 0;
		};
		DC0042932CD8AC1F005D0336 /* Resources */ = {
			isa = PBXResourcesBuildPhase;
			buildActionMask = 2147483647;
			files = (
				DCE5E6082CDA11D100BBB7B0 /* GoogleService-Info.plist in Resources */,
			);
			runOnlyForDeploymentPostprocessing = 0;
		};
/* End PBXResourcesBuildPhase section */

/* Begin PBXSourcesBuildPhase section */
		DC0042772CD8AC1C005D0336 /* Sources */ = {
			isa = PBXSourcesBuildPhase;
			buildActionMask = 2147483647;
			files = (
				DC5409382CF5AF57004C53DC /* NavigationPathManager.swift in Sources */,
				DC5409182CF0D022004C53DC /* RoomPrepareService.swift in Sources */,
				DC5409062CF08582004C53DC /* CreateRoomService.swift in Sources */,
				DC5409362CF334E7004C53DC /* HandleError.swift in Sources */,
				DC3B876B2CE9FC6600C8B7F3 /* CodeAddingView.swift in Sources */,
				DCE5E6342CDE00BD00BBB7B0 /* UserDefaultsService.swift in Sources */,
				DC1DD07D2CE2233E00709199 /* CreatedRoom.swift in Sources */,
				DC1DD07B2CE21E0700709199 /* CreatedRoomView.swift in Sources */,
				DC0042B42CD8C01C005D0336 /* LoginView.swift in Sources */,
				DC54093B2CF6FA79004C53DC /* RoomListView.swift in Sources */,
				DC1DD0D02CE5F63D00709199 /* Player.swift in Sources */,
				DCE5E6392CDE0BA700BBB7B0 /* LobbyViewModel.swift in Sources */,
				DC3B876D2CE9FC9A00C8B7F3 /* CodeAdding.swift in Sources */,
				DC5409142CF0BEE3004C53DC /* CodeAddingService.swift in Sources */,
				DC5409042CF084A8004C53DC /* FirestoreAdapter.swift in Sources */,
				DCE5E6302CDB5A4000BBB7B0 /* Login.swift in Sources */,
				DC5409342CF1DB15004C53DC /* ComposeObservableObject.swift in Sources */,
				DC3B87AF2CEC699B00C8B7F3 /* LoadingTracker.swift in Sources */,
				DC54093F2CF6FE2D004C53DC /* RoomListService.swift in Sources */,
				DCE5E61F2CDA490600BBB7B0 /* Assembly.swift in Sources */,
				DC5409162CF0C406004C53DC /* FirebaseAuthAdapter.swift in Sources */,
				DCE5E6212CDA495100BBB7B0 /* InjectWrapper.swift in Sources */,
				DC1DD07F2CE226ED00709199 /* LimitSpacer.swift in Sources */,
				DC3B87B22CEC74D900C8B7F3 /* LoadingService.swift in Sources */,
				DC1DD08D2CE4B2BE00709199 /* RoomPrepareView.swift in Sources */,
				DC1DD08F2CE5CA9300709199 /* RoomPrepare.swift in Sources */,
				DCE5E62B2CDA52A000BBB7B0 /* FirebaseAuthService.swift in Sources */,
				DCE5E6232CDA49FC00BBB7B0 /* AppDelegate.swift in Sources */,
				DC1DD0CE2CE5D8F000709199 /* Room.swift in Sources */,
				DCE5E6322CDDECB200BBB7B0 /* DefaultRootViewControllerProvider.swift in Sources */,
				DC0042B02CD8B526005D0336 /* ContentView.swift in Sources */,
				DC54093D2CF6FD46004C53DC /* RoomList.swift in Sources */,
				DCE5E6372CDE020C00BBB7B0 /* LobbyView.swift in Sources */,
				DC0042B12CD8B526005D0336 /* NinjaNightApp.swift in Sources */,
				DCE5E6282CDA4DD500BBB7B0 /* BaseView.swift in Sources */,
				DC3B87B52CEDCA1400C8B7F3 /* Single+Extension.swift in Sources */,
			);
			runOnlyForDeploymentPostprocessing = 0;
		};
		DC0042872CD8AC1F005D0336 /* Sources */ = {
			isa = PBXSourcesBuildPhase;
			buildActionMask = 2147483647;
			files = (
			);
			runOnlyForDeploymentPostprocessing = 0;
		};
		DC0042912CD8AC1F005D0336 /* Sources */ = {
			isa = PBXSourcesBuildPhase;
			buildActionMask = 2147483647;
			files = (
			);
			runOnlyForDeploymentPostprocessing = 0;
		};
/* End PBXSourcesBuildPhase section */

/* Begin PBXTargetDependency section */
		DC00428D2CD8AC1F005D0336 /* PBXTargetDependency */ = {
			isa = PBXTargetDependency;
			target = DC00427A2CD8AC1C005D0336 /* NinjaNight */;
			targetProxy = DC00428C2CD8AC1F005D0336 /* PBXContainerItemProxy */;
		};
		DC0042972CD8AC1F005D0336 /* PBXTargetDependency */ = {
			isa = PBXTargetDependency;
			target = DC00427A2CD8AC1C005D0336 /* NinjaNight */;
			targetProxy = DC0042962CD8AC1F005D0336 /* PBXContainerItemProxy */;
		};
/* End PBXTargetDependency section */

/* Begin XCBuildConfiguration section */
		DC00429D2CD8AC1F005D0336 /* Debug */ = {
			isa = XCBuildConfiguration;
			buildSettings = {
				ALWAYS_SEARCH_USER_PATHS = NO;
				ASSETCATALOG_COMPILER_GENERATE_SWIFT_ASSET_SYMBOL_EXTENSIONS = YES;
				CLANG_ANALYZER_NONNULL = YES;
				CLANG_ANALYZER_NUMBER_OBJECT_CONVERSION = YES_AGGRESSIVE;
				CLANG_CXX_LANGUAGE_STANDARD = "gnu++20";
				CLANG_ENABLE_MODULES = YES;
				CLANG_ENABLE_OBJC_ARC = YES;
				CLANG_ENABLE_OBJC_WEAK = YES;
				CLANG_WARN_BLOCK_CAPTURE_AUTORELEASING = YES;
				CLANG_WARN_BOOL_CONVERSION = YES;
				CLANG_WARN_COMMA = YES;
				CLANG_WARN_CONSTANT_CONVERSION = YES;
				CLANG_WARN_DEPRECATED_OBJC_IMPLEMENTATIONS = YES;
				CLANG_WARN_DIRECT_OBJC_ISA_USAGE = YES_ERROR;
				CLANG_WARN_DOCUMENTATION_COMMENTS = YES;
				CLANG_WARN_EMPTY_BODY = YES;
				CLANG_WARN_ENUM_CONVERSION = YES;
				CLANG_WARN_INFINITE_RECURSION = YES;
				CLANG_WARN_INT_CONVERSION = YES;
				CLANG_WARN_NON_LITERAL_NULL_CONVERSION = YES;
				CLANG_WARN_OBJC_IMPLICIT_RETAIN_SELF = YES;
				CLANG_WARN_OBJC_LITERAL_CONVERSION = YES;
				CLANG_WARN_OBJC_ROOT_CLASS = YES_ERROR;
				CLANG_WARN_QUOTED_INCLUDE_IN_FRAMEWORK_HEADER = YES;
				CLANG_WARN_RANGE_LOOP_ANALYSIS = YES;
				CLANG_WARN_STRICT_PROTOTYPES = YES;
				CLANG_WARN_SUSPICIOUS_MOVE = YES;
				CLANG_WARN_UNGUARDED_AVAILABILITY = YES_AGGRESSIVE;
				CLANG_WARN_UNREACHABLE_CODE = YES;
				CLANG_WARN__DUPLICATE_METHOD_MATCH = YES;
				COPY_PHASE_STRIP = NO;
				DEBUG_INFORMATION_FORMAT = dwarf;
				ENABLE_STRICT_OBJC_MSGSEND = YES;
				ENABLE_TESTABILITY = YES;
				ENABLE_USER_SCRIPT_SANDBOXING = YES;
				GCC_C_LANGUAGE_STANDARD = gnu17;
				GCC_DYNAMIC_NO_PIC = NO;
				GCC_NO_COMMON_BLOCKS = YES;
				GCC_OPTIMIZATION_LEVEL = 0;
				GCC_PREPROCESSOR_DEFINITIONS = (
					"DEBUG=1",
					"$(inherited)",
				);
				GCC_WARN_64_TO_32_BIT_CONVERSION = YES;
				GCC_WARN_ABOUT_RETURN_TYPE = YES_ERROR;
				GCC_WARN_UNDECLARED_SELECTOR = YES;
				GCC_WARN_UNINITIALIZED_AUTOS = YES_AGGRESSIVE;
				GCC_WARN_UNUSED_FUNCTION = YES;
				GCC_WARN_UNUSED_VARIABLE = YES;
				IPHONEOS_DEPLOYMENT_TARGET = 18.1;
				LOCALIZATION_PREFERS_STRING_CATALOGS = YES;
				MTL_ENABLE_DEBUG_INFO = INCLUDE_SOURCE;
				MTL_FAST_MATH = YES;
				ONLY_ACTIVE_ARCH = YES;
				SDKROOT = iphoneos;
				SWIFT_ACTIVE_COMPILATION_CONDITIONS = "DEBUG $(inherited)";
				SWIFT_OPTIMIZATION_LEVEL = "-Onone";
			};
			name = Debug;
		};
		DC00429E2CD8AC1F005D0336 /* Release */ = {
			isa = XCBuildConfiguration;
			buildSettings = {
				ALWAYS_SEARCH_USER_PATHS = NO;
				ASSETCATALOG_COMPILER_GENERATE_SWIFT_ASSET_SYMBOL_EXTENSIONS = YES;
				CLANG_ANALYZER_NONNULL = YES;
				CLANG_ANALYZER_NUMBER_OBJECT_CONVERSION = YES_AGGRESSIVE;
				CLANG_CXX_LANGUAGE_STANDARD = "gnu++20";
				CLANG_ENABLE_MODULES = YES;
				CLANG_ENABLE_OBJC_ARC = YES;
				CLANG_ENABLE_OBJC_WEAK = YES;
				CLANG_WARN_BLOCK_CAPTURE_AUTORELEASING = YES;
				CLANG_WARN_BOOL_CONVERSION = YES;
				CLANG_WARN_COMMA = YES;
				CLANG_WARN_CONSTANT_CONVERSION = YES;
				CLANG_WARN_DEPRECATED_OBJC_IMPLEMENTATIONS = YES;
				CLANG_WARN_DIRECT_OBJC_ISA_USAGE = YES_ERROR;
				CLANG_WARN_DOCUMENTATION_COMMENTS = YES;
				CLANG_WARN_EMPTY_BODY = YES;
				CLANG_WARN_ENUM_CONVERSION = YES;
				CLANG_WARN_INFINITE_RECURSION = YES;
				CLANG_WARN_INT_CONVERSION = YES;
				CLANG_WARN_NON_LITERAL_NULL_CONVERSION = YES;
				CLANG_WARN_OBJC_IMPLICIT_RETAIN_SELF = YES;
				CLANG_WARN_OBJC_LITERAL_CONVERSION = YES;
				CLANG_WARN_OBJC_ROOT_CLASS = YES_ERROR;
				CLANG_WARN_QUOTED_INCLUDE_IN_FRAMEWORK_HEADER = YES;
				CLANG_WARN_RANGE_LOOP_ANALYSIS = YES;
				CLANG_WARN_STRICT_PROTOTYPES = YES;
				CLANG_WARN_SUSPICIOUS_MOVE = YES;
				CLANG_WARN_UNGUARDED_AVAILABILITY = YES_AGGRESSIVE;
				CLANG_WARN_UNREACHABLE_CODE = YES;
				CLANG_WARN__DUPLICATE_METHOD_MATCH = YES;
				COPY_PHASE_STRIP = NO;
				DEBUG_INFORMATION_FORMAT = "dwarf-with-dsym";
				ENABLE_NS_ASSERTIONS = NO;
				ENABLE_STRICT_OBJC_MSGSEND = YES;
				ENABLE_USER_SCRIPT_SANDBOXING = YES;
				GCC_C_LANGUAGE_STANDARD = gnu17;
				GCC_NO_COMMON_BLOCKS = YES;
				GCC_WARN_64_TO_32_BIT_CONVERSION = YES;
				GCC_WARN_ABOUT_RETURN_TYPE = YES_ERROR;
				GCC_WARN_UNDECLARED_SELECTOR = YES;
				GCC_WARN_UNINITIALIZED_AUTOS = YES_AGGRESSIVE;
				GCC_WARN_UNUSED_FUNCTION = YES;
				GCC_WARN_UNUSED_VARIABLE = YES;
				IPHONEOS_DEPLOYMENT_TARGET = 18.1;
				LOCALIZATION_PREFERS_STRING_CATALOGS = YES;
				MTL_ENABLE_DEBUG_INFO = NO;
				MTL_FAST_MATH = YES;
				SDKROOT = iphoneos;
				SWIFT_COMPILATION_MODE = wholemodule;
				VALIDATE_PRODUCT = YES;
			};
			name = Release;
		};
		DC0042A02CD8AC1F005D0336 /* Debug */ = {
			isa = XCBuildConfiguration;
			buildSettings = {
				ASSETCATALOG_COMPILER_APPICON_NAME = AppIcon;
				ASSETCATALOG_COMPILER_GLOBAL_ACCENT_COLOR_NAME = AccentColor;
				CODE_SIGN_STYLE = Automatic;
				CURRENT_PROJECT_VERSION = 1;
				DEVELOPMENT_ASSET_PATHS = "\"NinjaNight/Preview Content\"";
				DEVELOPMENT_TEAM = 8L4LV9LH2B;
				ENABLE_PREVIEWS = YES;
				GENERATE_INFOPLIST_FILE = YES;
				INFOPLIST_FILE = NinjaNight/Info.plist;
				INFOPLIST_KEY_UIApplicationSceneManifest_Generation = YES;
				INFOPLIST_KEY_UIApplicationSupportsIndirectInputEvents = YES;
				INFOPLIST_KEY_UILaunchScreen_Generation = YES;
				INFOPLIST_KEY_UISupportedInterfaceOrientations_iPad = "UIInterfaceOrientationPortrait UIInterfaceOrientationPortraitUpsideDown UIInterfaceOrientationLandscapeLeft UIInterfaceOrientationLandscapeRight";
				INFOPLIST_KEY_UISupportedInterfaceOrientations_iPhone = "UIInterfaceOrientationPortrait UIInterfaceOrientationLandscapeLeft UIInterfaceOrientationLandscapeRight";
				IPHONEOS_DEPLOYMENT_TARGET = 18.0;
				LD_RUNPATH_SEARCH_PATHS = (
					"$(inherited)",
					"@executable_path/Frameworks",
				);
				MARKETING_VERSION = 1.0;
				PRODUCT_BUNDLE_IDENTIFIER = NinjaNight.NinjaNight;
				PRODUCT_NAME = "$(TARGET_NAME)";
				SWIFT_EMIT_LOC_STRINGS = YES;
				SWIFT_VERSION = 5.0;
				TARGETED_DEVICE_FAMILY = "1,2";
			};
			name = Debug;
		};
		DC0042A12CD8AC1F005D0336 /* Release */ = {
			isa = XCBuildConfiguration;
			buildSettings = {
				ASSETCATALOG_COMPILER_APPICON_NAME = AppIcon;
				ASSETCATALOG_COMPILER_GLOBAL_ACCENT_COLOR_NAME = AccentColor;
				CODE_SIGN_STYLE = Automatic;
				CURRENT_PROJECT_VERSION = 1;
				DEVELOPMENT_ASSET_PATHS = "\"NinjaNight/Preview Content\"";
				DEVELOPMENT_TEAM = 8L4LV9LH2B;
				ENABLE_PREVIEWS = YES;
				GENERATE_INFOPLIST_FILE = YES;
				INFOPLIST_FILE = NinjaNight/Info.plist;
				INFOPLIST_KEY_UIApplicationSceneManifest_Generation = YES;
				INFOPLIST_KEY_UIApplicationSupportsIndirectInputEvents = YES;
				INFOPLIST_KEY_UILaunchScreen_Generation = YES;
				INFOPLIST_KEY_UISupportedInterfaceOrientations_iPad = "UIInterfaceOrientationPortrait UIInterfaceOrientationPortraitUpsideDown UIInterfaceOrientationLandscapeLeft UIInterfaceOrientationLandscapeRight";
				INFOPLIST_KEY_UISupportedInterfaceOrientations_iPhone = "UIInterfaceOrientationPortrait UIInterfaceOrientationLandscapeLeft UIInterfaceOrientationLandscapeRight";
				IPHONEOS_DEPLOYMENT_TARGET = 18.0;
				LD_RUNPATH_SEARCH_PATHS = (
					"$(inherited)",
					"@executable_path/Frameworks",
				);
				MARKETING_VERSION = 1.0;
				PRODUCT_BUNDLE_IDENTIFIER = NinjaNight.NinjaNight;
				PRODUCT_NAME = "$(TARGET_NAME)";
				SWIFT_EMIT_LOC_STRINGS = YES;
				SWIFT_VERSION = 5.0;
				TARGETED_DEVICE_FAMILY = "1,2";
			};
			name = Release;
		};
		DC0042A32CD8AC1F005D0336 /* Debug */ = {
			isa = XCBuildConfiguration;
			buildSettings = {
				BUNDLE_LOADER = "$(TEST_HOST)";
				CODE_SIGN_STYLE = Automatic;
				CURRENT_PROJECT_VERSION = 1;
				DEVELOPMENT_TEAM = 8L4LV9LH2B;
				GENERATE_INFOPLIST_FILE = YES;
				IPHONEOS_DEPLOYMENT_TARGET = 18.1;
				MARKETING_VERSION = 1.0;
				PRODUCT_BUNDLE_IDENTIFIER = NinjaNight.NinjaNightTests;
				PRODUCT_NAME = "$(TARGET_NAME)";
				SWIFT_EMIT_LOC_STRINGS = NO;
				SWIFT_VERSION = 5.0;
				TARGETED_DEVICE_FAMILY = "1,2";
				TEST_HOST = "$(BUILT_PRODUCTS_DIR)/NinjaNight.app/$(BUNDLE_EXECUTABLE_FOLDER_PATH)/NinjaNight";
			};
			name = Debug;
		};
		DC0042A42CD8AC1F005D0336 /* Release */ = {
			isa = XCBuildConfiguration;
			buildSettings = {
				BUNDLE_LOADER = "$(TEST_HOST)";
				CODE_SIGN_STYLE = Automatic;
				CURRENT_PROJECT_VERSION = 1;
				DEVELOPMENT_TEAM = 8L4LV9LH2B;
				GENERATE_INFOPLIST_FILE = YES;
				IPHONEOS_DEPLOYMENT_TARGET = 18.1;
				MARKETING_VERSION = 1.0;
				PRODUCT_BUNDLE_IDENTIFIER = NinjaNight.NinjaNightTests;
				PRODUCT_NAME = "$(TARGET_NAME)";
				SWIFT_EMIT_LOC_STRINGS = NO;
				SWIFT_VERSION = 5.0;
				TARGETED_DEVICE_FAMILY = "1,2";
				TEST_HOST = "$(BUILT_PRODUCTS_DIR)/NinjaNight.app/$(BUNDLE_EXECUTABLE_FOLDER_PATH)/NinjaNight";
			};
			name = Release;
		};
		DC0042A62CD8AC1F005D0336 /* Debug */ = {
			isa = XCBuildConfiguration;
			buildSettings = {
				CODE_SIGN_STYLE = Automatic;
				CURRENT_PROJECT_VERSION = 1;
				DEVELOPMENT_TEAM = 8L4LV9LH2B;
				GENERATE_INFOPLIST_FILE = YES;
				MARKETING_VERSION = 1.0;
				PRODUCT_BUNDLE_IDENTIFIER = NinjaNight.NinjaNightUITests;
				PRODUCT_NAME = "$(TARGET_NAME)";
				SWIFT_EMIT_LOC_STRINGS = NO;
				SWIFT_VERSION = 5.0;
				TARGETED_DEVICE_FAMILY = "1,2";
				TEST_TARGET_NAME = NinjaNight;
			};
			name = Debug;
		};
		DC0042A72CD8AC1F005D0336 /* Release */ = {
			isa = XCBuildConfiguration;
			buildSettings = {
				CODE_SIGN_STYLE = Automatic;
				CURRENT_PROJECT_VERSION = 1;
				DEVELOPMENT_TEAM = 8L4LV9LH2B;
				GENERATE_INFOPLIST_FILE = YES;
				MARKETING_VERSION = 1.0;
				PRODUCT_BUNDLE_IDENTIFIER = NinjaNight.NinjaNightUITests;
				PRODUCT_NAME = "$(TARGET_NAME)";
				SWIFT_EMIT_LOC_STRINGS = NO;
				SWIFT_VERSION = 5.0;
				TARGETED_DEVICE_FAMILY = "1,2";
				TEST_TARGET_NAME = NinjaNight;
			};
			name = Release;
		};
/* End XCBuildConfiguration section */

/* Begin XCConfigurationList section */
		DC0042762CD8AC1C005D0336 /* Build configuration list for PBXProject "NinjaNight" */ = {
			isa = XCConfigurationList;
			buildConfigurations = (
				DC00429D2CD8AC1F005D0336 /* Debug */,
				DC00429E2CD8AC1F005D0336 /* Release */,
			);
			defaultConfigurationIsVisible = 0;
			defaultConfigurationName = Release;
		};
		DC00429F2CD8AC1F005D0336 /* Build configuration list for PBXNativeTarget "NinjaNight" */ = {
			isa = XCConfigurationList;
			buildConfigurations = (
				DC0042A02CD8AC1F005D0336 /* Debug */,
				DC0042A12CD8AC1F005D0336 /* Release */,
			);
			defaultConfigurationIsVisible = 0;
			defaultConfigurationName = Release;
		};
		DC0042A22CD8AC1F005D0336 /* Build configuration list for PBXNativeTarget "NinjaNightTests" */ = {
			isa = XCConfigurationList;
			buildConfigurations = (
				DC0042A32CD8AC1F005D0336 /* Debug */,
				DC0042A42CD8AC1F005D0336 /* Release */,
			);
			defaultConfigurationIsVisible = 0;
			defaultConfigurationName = Release;
		};
		DC0042A52CD8AC1F005D0336 /* Build configuration list for PBXNativeTarget "NinjaNightUITests" */ = {
			isa = XCConfigurationList;
			buildConfigurations = (
				DC0042A62CD8AC1F005D0336 /* Debug */,
				DC0042A72CD8AC1F005D0336 /* Release */,
			);
			defaultConfigurationIsVisible = 0;
			defaultConfigurationName = Release;
		};
/* End XCConfigurationList section */

/* Begin XCRemoteSwiftPackageReference section */
		DC1DD05F2CDE563E00709199 /* XCRemoteSwiftPackageReference "RxSwift" */ = {
			isa = XCRemoteSwiftPackageReference;
			repositoryURL = "https://github.com/ReactiveX/RxSwift.git";
			requirement = {
				kind = upToNextMajorVersion;
				minimumVersion = 6.8.0;
			};
		};
		DC1DD0602CDE56D000709199 /* XCRemoteSwiftPackageReference "Swinject" */ = {
			isa = XCRemoteSwiftPackageReference;
			repositoryURL = "https://github.com/Swinject/Swinject.git";
			requirement = {
				kind = upToNextMajorVersion;
				minimumVersion = 2.9.1;
			};
		};
		DC1DD0612CDE56E000709199 /* XCRemoteSwiftPackageReference "SwinjectAutoregistration" */ = {
			isa = XCRemoteSwiftPackageReference;
			repositoryURL = "https://github.com/Swinject/SwinjectAutoregistration.git";
			requirement = {
				kind = upToNextMajorVersion;
				minimumVersion = 2.9.1;
			};
		};
		DC1DD0622CDE570A00709199 /* XCRemoteSwiftPackageReference "GoogleSignIn-iOS" */ = {
			isa = XCRemoteSwiftPackageReference;
			repositoryURL = "https://github.com/google/GoogleSignIn-iOS.git";
			requirement = {
				kind = upToNextMajorVersion;
				minimumVersion = 8.0.0;
			};
		};
		DC1DD0632CDE573A00709199 /* XCRemoteSwiftPackageReference "firebase-ios-sdk" */ = {
			isa = XCRemoteSwiftPackageReference;
			repositoryURL = "https://github.com/firebase/firebase-ios-sdk.git";
			requirement = {
				kind = upToNextMajorVersion;
				minimumVersion = 11.4.0;
			};
		};
		DC3B87AB2CEC694F00C8B7F3 /* XCRemoteSwiftPackageReference "RxSwiftExt" */ = {
			isa = XCRemoteSwiftPackageReference;
			repositoryURL = "https://github.com/RxSwiftCommunity/RxSwiftExt";
			requirement = {
				kind = upToNextMajorVersion;
				minimumVersion = 6.2.1;
			};
		};
/* End XCRemoteSwiftPackageReference section */

/* Begin XCSwiftPackageProductDependency section */
		DC1DD0642CDE57A700709199 /* RxCocoa */ = {
			isa = XCSwiftPackageProductDependency;
			package = DC1DD05F2CDE563E00709199 /* XCRemoteSwiftPackageReference "RxSwift" */;
			productName = RxCocoa;
		};
		DC1DD0662CDE57A700709199 /* RxSwift */ = {
			isa = XCSwiftPackageProductDependency;
			package = DC1DD05F2CDE563E00709199 /* XCRemoteSwiftPackageReference "RxSwift" */;
			productName = RxSwift;
		};
		DC1DD0682CDE57A700709199 /* Swinject */ = {
			isa = XCSwiftPackageProductDependency;
			package = DC1DD0602CDE56D000709199 /* XCRemoteSwiftPackageReference "Swinject" */;
			productName = Swinject;
		};
		DC1DD06A2CDE57A700709199 /* SwinjectAutoregistration */ = {
			isa = XCSwiftPackageProductDependency;
			package = DC1DD0612CDE56E000709199 /* XCRemoteSwiftPackageReference "SwinjectAutoregistration" */;
			productName = SwinjectAutoregistration;
		};
		DC1DD06C2CDE57A700709199 /* GoogleSignIn */ = {
			isa = XCSwiftPackageProductDependency;
			package = DC1DD0622CDE570A00709199 /* XCRemoteSwiftPackageReference "GoogleSignIn-iOS" */;
			productName = GoogleSignIn;
		};
		DC1DD06E2CDE57A700709199 /* FirebaseAuth */ = {
			isa = XCSwiftPackageProductDependency;
			package = DC1DD0632CDE573A00709199 /* XCRemoteSwiftPackageReference "firebase-ios-sdk" */;
			productName = FirebaseAuth;
		};
		DC1DD0702CDE57A700709199 /* FirebaseCore */ = {
			isa = XCSwiftPackageProductDependency;
			package = DC1DD0632CDE573A00709199 /* XCRemoteSwiftPackageReference "firebase-ios-sdk" */;
			productName = FirebaseCore;
		};
		DC1DD0722CDE57A700709199 /* FirebaseFirestore */ = {
			isa = XCSwiftPackageProductDependency;
			package = DC1DD0632CDE573A00709199 /* XCRemoteSwiftPackageReference "firebase-ios-sdk" */;
			productName = FirebaseFirestore;
		};
		DC3B87AC2CEC696E00C8B7F3 /* RxSwiftExt */ = {
			isa = XCSwiftPackageProductDependency;
			package = DC3B87AB2CEC694F00C8B7F3 /* XCRemoteSwiftPackageReference "RxSwiftExt" */;
			productName = RxSwiftExt;
		};
/* End XCSwiftPackageProductDependency section */
	};
	rootObject = DC0042732CD8AC1C005D0336 /* Project object */;
}
